
Microsoft Visual Studio Solution File, Format Version 12.00
# Visual Studio Version 17
VisualStudioVersion = 17.7.34024.191
MinimumVisualStudioVersion = 10.0.40219.1
Project("{8BC9CEB8-8B4A-11D0-8D11-00A0C91BC942}") = "Animal World", "Animal World\Animal World.vcxproj", "{95831424-3BC4-4EC7-965C-B6207DB7669C}"
EndProject
Global
	GlobalSection(SolutionConfigurationPlatforms) = preSolution
		Debug|x64 = Debug|x64
		Debug|x86 = Debug|x86
		Release|x64 = Release|x64
		Release|x86 = Release|x86
	EndGlobalSection
	GlobalSection(ProjectConfigurationPlatforms) = postSolution
		{95831424-3BC4-4EC7-965C-B6207DB7669C}.Debug|x64.ActiveCfg = Debug|x64
		{95831424-3BC4-4EC7-965C-B6207DB7669C}.Debug|x64.Build.0 = Debug|x64
		{95831424-3BC4-4EC7-965C-B6207DB7669C}.Debug|x86.ActiveCfg = Debug|Win32
		{95831424-3BC4-4EC7-965C-B6207DB7669C}.Debug|x86.Build.0 = Debug|Win32
		{95831424-3BC4-4EC7-965C-B6207DB7669C}.Release|x64.ActiveCfg = Release|x64
		{95831424-3BC4-4EC7-965C-B6207DB7669C}.Release|x64.Build.0 = Release|x64
		{95831424-3BC4-4EC7-965C-B6207DB7669C}.Release|x86.ActiveCfg = Release|Win32
		{95831424-3BC4-4EC7-965C-B6207DB7669C}.Release|x86.Build.0 = Release|Win32
	EndGlobalSection
	GlobalSection(SolutionProperties) = preSolution
		HideSolutionNode = FALSE
	EndGlobalSection
	GlobalSection(ExtensibilityGlobals) = postSolution
		SolutionGuid = {55DB60EA-E782-4C95-896A-37D8A98DCAC0}
	EndGlobalSection
EndGlobal
